{
  "version": 4,
  "terraform_version": "1.12.2",
  "serial": 35,
  "lineage": "4dda2234-96d5-d792-0e12-1b469da6490c",
  "outputs": {
    "backend-service_service_uri": {
      "value": "https://genai-backend-4x43kzwl5q-uc.a.run.app",
      "type": "string"
    },
    "frontend-service_service_uri": {
      "value": "https://genai-frontend-4x43kzwl5q-uc.a.run.app",
      "type": "string"
    }
  },
  "resources": [
    {
      "module": "module.backend-service",
      "mode": "data",
      "type": "google_compute_default_service_account",
      "name": "default",
      "provider": "provider[\"registry.terraform.io/hashicorp/google\"]",
      "instances": []
    },
    {
      "module": "module.backend-service",
      "mode": "managed",
      "type": "google_cloud_run_v2_service",
      "name": "main",
      "provider": "provider[\"registry.terraform.io/hashicorp/google-beta\"]",
      "instances": [
        {
          "schema_version": 0,
          "attributes": {
            "annotations": {},
            "binary_authorization": [],
            "build_config": [],
            "client": "",
            "client_version": "",
            "conditions": [
              {
                "execution_reason": "",
                "last_transition_time": "2025-08-19T23:29:39.921094Z",
                "message": "",
                "reason": "",
                "revision_reason": "",
                "severity": "",
                "state": "CONDITION_SUCCEEDED",
                "type": "RoutesReady"
              },
              {
                "execution_reason": "",
                "last_transition_time": "2025-08-19T23:29:37.742531Z",
                "message": "",
                "reason": "",
                "revision_reason": "",
                "severity": "",
                "state": "CONDITION_SUCCEEDED",
                "type": "ConfigurationsReady"
              }
            ],
            "create_time": "2025-08-19T23:29:29.533579Z",
            "creator": "qingyuewang00@gmail.com",
            "custom_audiences": [],
            "default_uri_disabled": false,
            "delete_time": "",
            "deletion_protection": false,
            "description": "",
            "effective_annotations": {},
            "effective_labels": {
              "goog-adc-tf-deployment": "export",
              "goog-terraform-provisioned": "true",
              "imagen_vertex_ai_vertex-ai": "true"
            },
            "etag": "\"CNmRlMUGEPiJt_4B/cHJvamVjdHMvc2RsY3YyL2xvY2F0aW9ucy91cy1jZW50cmFsMS9zZXJ2aWNlcy9nZW5haS1iYWNrZW5k\"",
            "expire_time": "",
            "generation": "1",
            "iap_enabled": false,
            "id": "projects/sdlcv2/locations/us-central1/services/genai-backend",
            "ingress": "INGRESS_TRAFFIC_ALL",
            "invoker_iam_disabled": false,
            "labels": {
              "imagen_vertex_ai_vertex-ai": "true"
            },
            "last_modifier": "qingyuewang00@gmail.com",
            "latest_created_revision": "projects/sdlcv2/locations/us-central1/services/genai-backend/revisions/genai-backend-00001-wj4",
            "latest_ready_revision": "projects/sdlcv2/locations/us-central1/services/genai-backend/revisions/genai-backend-00001-wj4",
            "launch_stage": "GA",
            "location": "us-central1",
            "name": "genai-backend",
            "observed_generation": "1",
            "project": "sdlcv2",
            "reconciling": false,
            "scaling": [],
            "template": [
              {
                "annotations": {},
                "containers": [
                  {
                    "args": [],
                    "base_image_uri": "",
                    "build_info": [],
                    "command": [],
                    "depends_on": [],
                    "env": [
                      {
                        "name": "GENMEDIA_BUCKET",
                        "value": "sdlcv2-story-images",
                        "value_source": []
                      },
                      {
                        "name": "GOOGLE_CLOUD_PROJECT_ID",
                        "value": "sdlcv2",
                        "value_source": []
                      },
                      {
                        "name": "GOOGLE_GENAI_USE_VERTEXAI",
                        "value": "FALSE",
                        "value_source": []
                      }
                    ],
                    "image": "us-central1-docker.pkg.dev/sdlcv2/storygen-repo/storygen-backend:latest",
                    "liveness_probe": [],
                    "name": "backend-container",
                    "ports": [
                      {
                        "container_port": 8080,
                        "name": "http1"
                      }
                    ],
                    "resources": [
                      {
                        "cpu_idle": true,
                        "limits": {
                          "cpu": "1000m",
                          "memory": "512Mi"
                        },
                        "startup_cpu_boost": false
                      }
                    ],
                    "startup_probe": [
                      {
                        "failure_threshold": 1,
                        "grpc": [],
                        "http_get": [],
                        "initial_delay_seconds": 0,
                        "period_seconds": 240,
                        "tcp_socket": [
                          {
                            "port": 8080
                          }
                        ],
                        "timeout_seconds": 240
                      }
                    ],
                    "volume_mounts": [],
                    "working_dir": ""
                  },
                  {
                    "args": [],
                    "base_image_uri": "",
                    "build_info": [],
                    "command": [],
                    "depends_on": [
                      "backend-container"
                    ],
                    "env": [],
                    "image": "us-docker.pkg.dev/cloud-ops-agents-artifacts/cloud-run-gmp-sidecar/cloud-run-gmp-sidecar:1.1.1",
                    "liveness_probe": [],
                    "name": "collector",
                    "ports": [],
                    "resources": [
                      {
                        "cpu_idle": true,
                        "limits": {
                          "cpu": "1000m",
                          "memory": "256Mi"
                        },
                        "startup_cpu_boost": false
                      }
                    ],
                    "startup_probe": [],
                    "volume_mounts": [],
                    "working_dir": ""
                  }
                ],
                "encryption_key": "",
                "execution_environment": "EXECUTION_ENVIRONMENT_GEN2",
                "gpu_zonal_redundancy_disabled": false,
                "labels": {},
                "max_instance_request_concurrency": 80,
                "node_selector": [],
                "revision": "",
                "scaling": [
                  {
                    "max_instance_count": 2,
                    "min_instance_count": 0
                  }
                ],
                "service_account": "genai-backend-us-central1-sa@sdlcv2.iam.gserviceaccount.com",
                "service_mesh": [],
                "session_affinity": false,
                "timeout": "300s",
                "volumes": [],
                "vpc_access": []
              }
            ],
            "terminal_condition": [
              {
                "execution_reason": "",
                "last_transition_time": "2025-08-19T23:29:40.086795Z",
                "message": "",
                "reason": "",
                "revision_reason": "",
                "severity": "",
                "state": "CONDITION_SUCCEEDED",
                "type": "Ready"
              }
            ],
            "terraform_labels": {
              "goog-adc-tf-deployment": "export",
              "goog-terraform-provisioned": "true",
              "imagen_vertex_ai_vertex-ai": "true"
            },
            "timeouts": null,
            "traffic": [
              {
                "percent": 100,
                "revision": "",
                "tag": "",
                "type": "TRAFFIC_TARGET_ALLOCATION_TYPE_LATEST"
              }
            ],
            "traffic_statuses": [
              {
                "percent": 100,
                "revision": "",
                "tag": "",
                "type": "TRAFFIC_TARGET_ALLOCATION_TYPE_LATEST",
                "uri": ""
              }
            ],
            "uid": "eb3a9341-80c2-410c-aaa1-5852333003fd",
            "update_time": "2025-08-19T23:29:29.533579Z",
            "uri": "https://genai-backend-4x43kzwl5q-uc.a.run.app",
            "urls": [
              "https://genai-backend-515301086485.us-central1.run.app",
              "https://genai-backend-4x43kzwl5q-uc.a.run.app"
            ]
          },
          "sensitive_attributes": [],
          "identity_schema_version": 0,
          "private": "eyJlMmJmYjczMC1lY2FhLTExZTYtOGY4OC0zNDM2M2JjN2M0YzAiOnsiY3JlYXRlIjoxMjAwMDAwMDAwMDAwLCJkZWxldGUiOjEyMDAwMDAwMDAwMDAsInVwZGF0ZSI6MTIwMDAwMDAwMDAwMH19",
          "dependencies": [
            "module.backend-service.google_project_iam_member.roles",
            "module.backend-service.google_service_account.sa",
            "module.project-services-billing-project.data.google_compute_default_service_account.default",
            "module.project-services-billing-project.google_project_iam_member.project_service_identity_roles",
            "module.project-services-billing-project.google_project_service.project_services",
            "module.project-services-billing-project.google_project_service_identity.project_service_identities",
            "module.project-services.data.google_compute_default_service_account.default",
            "module.project-services.google_project_iam_member.project_service_identity_roles",
            "module.project-services.google_project_service.project_services",
            "module.project-services.google_project_service_identity.project_service_identities"
          ]
        }
      ]
    },
    {
      "module": "module.backend-service",
      "mode": "managed",
      "type": "google_cloud_run_v2_service_iam_member",
      "name": "authorize",
      "provider": "provider[\"registry.terraform.io/hashicorp/google\"]",
      "instances": []
    },
    {
      "module": "module.backend-service",
      "mode": "managed",
      "type": "google_cloud_run_v2_service_iam_member",
      "name": "authorize_iap_p4sa",
      "provider": "provider[\"registry.terraform.io/hashicorp/google\"]",
      "instances": []
    },
    {
      "module": "module.backend-service",
      "mode": "managed",
      "type": "google_iap_web_cloud_run_service_iam_member",
      "name": "iap_access",
      "provider": "provider[\"registry.terraform.io/hashicorp/google\"]",
      "instances": []
    },
    {
      "module": "module.backend-service",
      "mode": "managed",
      "type": "google_project_iam_member",
      "name": "roles",
      "provider": "provider[\"registry.terraform.io/hashicorp/google\"]",
      "instances": [
        {
          "index_key": "roles/aiplatform.user",
          "schema_version": 0,
          "attributes": {
            "condition": [],
            "etag": "BwY8v23Hh3U=",
            "id": "sdlcv2/roles/aiplatform.user/serviceAccount:genai-backend-us-central1-sa@sdlcv2.iam.gserviceaccount.com",
            "member": "serviceAccount:genai-backend-us-central1-sa@sdlcv2.iam.gserviceaccount.com",
            "project": "sdlcv2",
            "role": "roles/aiplatform.user"
          },
          "sensitive_attributes": [],
          "identity_schema_version": 0,
          "private": "bnVsbA==",
          "dependencies": [
            "module.backend-service.google_service_account.sa",
            "module.project-services-billing-project.data.google_compute_default_service_account.default",
            "module.project-services-billing-project.google_project_iam_member.project_service_identity_roles",
            "module.project-services-billing-project.google_project_service.project_services",
            "module.project-services-billing-project.google_project_service_identity.project_service_identities",
            "module.project-services.data.google_compute_default_service_account.default",
            "module.project-services.google_project_iam_member.project_service_identity_roles",
            "module.project-services.google_project_service.project_services",
            "module.project-services.google_project_service_identity.project_service_identities"
          ]
        },
        {
          "index_key": "roles/monitoring.metricWriter",
          "schema_version": 0,
          "attributes": {
            "condition": [],
            "etag": "BwY8v23Hh3U=",
            "id": "sdlcv2/roles/monitoring.metricWriter/serviceAccount:genai-backend-us-central1-sa@sdlcv2.iam.gserviceaccount.com",
            "member": "serviceAccount:genai-backend-us-central1-sa@sdlcv2.iam.gserviceaccount.com",
            "project": "sdlcv2",
            "role": "roles/monitoring.metricWriter"
          },
          "sensitive_attributes": [],
          "identity_schema_version": 0,
          "private": "bnVsbA==",
          "dependencies": [
            "module.backend-service.google_service_account.sa",
            "module.project-services-billing-project.data.google_compute_default_service_account.default",
            "module.project-services-billing-project.google_project_iam_member.project_service_identity_roles",
            "module.project-services-billing-project.google_project_service.project_services",
            "module.project-services-billing-project.google_project_service_identity.project_service_identities",
            "module.project-services.data.google_compute_default_service_account.default",
            "module.project-services.google_project_iam_member.project_service_identity_roles",
            "module.project-services.google_project_service.project_services",
            "module.project-services.google_project_service_identity.project_service_identities"
          ]
        },
        {
          "index_key": "roles/secretmanager.secretAccessor",
          "schema_version": 0,
          "attributes": {
            "condition": [],
            "etag": "BwY8v23Hh3U=",
            "id": "sdlcv2/roles/secretmanager.secretAccessor/serviceAccount:genai-backend-us-central1-sa@sdlcv2.iam.gserviceaccount.com",
            "member": "serviceAccount:genai-backend-us-central1-sa@sdlcv2.iam.gserviceaccount.com",
            "project": "sdlcv2",
            "role": "roles/secretmanager.secretAccessor"
          },
          "sensitive_attributes": [],
          "identity_schema_version": 0,
          "private": "bnVsbA==",
          "dependencies": [
            "module.backend-service.google_service_account.sa",
            "module.project-services-billing-project.data.google_compute_default_service_account.default",
            "module.project-services-billing-project.google_project_iam_member.project_service_identity_roles",
            "module.project-services-billing-project.google_project_service.project_services",
            "module.project-services-billing-project.google_project_service_identity.project_service_identities",
            "module.project-services.data.google_compute_default_service_account.default",
            "module.project-services.google_project_iam_member.project_service_identity_roles",
            "module.project-services.google_project_service.project_services",
            "module.project-services.google_project_service_identity.project_service_identities"
          ]
        }
      ]
    },
    {
      "module": "module.backend-service",
      "mode": "managed",
      "type": "google_project_service_identity",
      "name": "iap_p4sa",
      "provider": "provider[\"registry.terraform.io/hashicorp/google-beta\"]",
      "instances": []
    },
    {
      "module": "module.backend-service",
      "mode": "managed",
      "type": "google_service_account",
      "name": "sa",
      "provider": "provider[\"registry.terraform.io/hashicorp/google\"]",
      "instances": [
        {
          "index_key": 0,
          "schema_version": 0,
          "attributes": {
            "account_id": "genai-backend-us-central1-sa",
            "create_ignore_already_exists": null,
            "description": "",
            "disabled": false,
            "display_name": "Service account for genai-backend in us-central1",
            "email": "genai-backend-us-central1-sa@sdlcv2.iam.gserviceaccount.com",
            "id": "projects/sdlcv2/serviceAccounts/genai-backend-us-central1-sa@sdlcv2.iam.gserviceaccount.com",
            "member": "serviceAccount:genai-backend-us-central1-sa@sdlcv2.iam.gserviceaccount.com",
            "name": "projects/sdlcv2/serviceAccounts/genai-backend-us-central1-sa@sdlcv2.iam.gserviceaccount.com",
            "project": "sdlcv2",
            "timeouts": null,
            "unique_id": "102312391760326905805"
          },
          "sensitive_attributes": [],
          "identity_schema_version": 0,
          "private": "eyJlMmJmYjczMC1lY2FhLTExZTYtOGY4OC0zNDM2M2JjN2M0YzAiOnsiY3JlYXRlIjozMDAwMDAwMDAwMDB9fQ==",
          "dependencies": [
            "module.project-services-billing-project.data.google_compute_default_service_account.default",
            "module.project-services-billing-project.google_project_iam_member.project_service_identity_roles",
            "module.project-services-billing-project.google_project_service.project_services",
            "module.project-services-billing-project.google_project_service_identity.project_service_identities",
            "module.project-services.data.google_compute_default_service_account.default",
            "module.project-services.google_project_iam_member.project_service_identity_roles",
            "module.project-services.google_project_service.project_services",
            "module.project-services.google_project_service_identity.project_service_identities"
          ]
        }
      ]
    },
    {
      "module": "module.frontend-service",
      "mode": "data",
      "type": "google_compute_default_service_account",
      "name": "default",
      "provider": "provider[\"registry.terraform.io/hashicorp/google\"]",
      "instances": []
    },
    {
      "module": "module.frontend-service",
      "mode": "managed",
      "type": "google_cloud_run_v2_service",
      "name": "main",
      "provider": "provider[\"registry.terraform.io/hashicorp/google-beta\"]",
      "instances": [
        {
          "schema_version": 0,
          "attributes": {
            "annotations": {},
            "binary_authorization": [],
            "build_config": [],
            "client": "",
            "client_version": "",
            "conditions": [
              {
                "execution_reason": "",
                "last_transition_time": "2025-08-19T23:30:16.922666Z",
                "message": "",
                "reason": "",
                "revision_reason": "",
                "severity": "",
                "state": "CONDITION_SUCCEEDED",
                "type": "RoutesReady"
              },
              {
                "execution_reason": "",
                "last_transition_time": "2025-08-19T23:30:15.676918Z",
                "message": "",
                "reason": "",
                "revision_reason": "",
                "severity": "",
                "state": "CONDITION_SUCCEEDED",
                "type": "ConfigurationsReady"
              }
            ],
            "create_time": "2025-08-19T23:29:50.560435Z",
            "creator": "qingyuewang00@gmail.com",
            "custom_audiences": [],
            "default_uri_disabled": false,
            "delete_time": "",
            "deletion_protection": false,
            "description": "",
            "effective_annotations": {},
            "effective_labels": {
              "goog-adc-tf-deployment": "export",
              "goog-terraform-provisioned": "true"
            },
            "etag": "\"CO6RlMUGELienosC/cHJvamVjdHMvc2RsY3YyL2xvY2F0aW9ucy91cy1jZW50cmFsMS9zZXJ2aWNlcy9nZW5haS1mcm9udGVuZA\"",
            "expire_time": "",
            "generation": "1",
            "iap_enabled": false,
            "id": "projects/sdlcv2/locations/us-central1/services/genai-frontend",
            "ingress": "INGRESS_TRAFFIC_ALL",
            "invoker_iam_disabled": false,
            "labels": {},
            "last_modifier": "qingyuewang00@gmail.com",
            "latest_created_revision": "projects/sdlcv2/locations/us-central1/services/genai-frontend/revisions/genai-frontend-00001-2zp",
            "latest_ready_revision": "projects/sdlcv2/locations/us-central1/services/genai-frontend/revisions/genai-frontend-00001-2zp",
            "launch_stage": "GA",
            "location": "us-central1",
            "name": "genai-frontend",
            "observed_generation": "1",
            "project": "sdlcv2",
            "reconciling": false,
            "scaling": [],
            "template": [
              {
                "annotations": {},
                "containers": [
                  {
                    "args": [],
                    "base_image_uri": "",
                    "build_info": [],
                    "command": [],
                    "depends_on": [],
                    "env": [
                      {
                        "name": "NEXT_PUBLIC_BACKEND_URL",
                        "value": "https://genai-backend-4x43kzwl5q-uc.a.run.app",
                        "value_source": []
                      }
                    ],
                    "image": "us-central1-docker.pkg.dev/sdlcv2/storygen-repo/storygen-frontend:latest",
                    "liveness_probe": [],
                    "name": "frontend-container",
                    "ports": [
                      {
                        "container_port": 8080,
                        "name": "http1"
                      }
                    ],
                    "resources": [
                      {
                        "cpu_idle": true,
                        "limits": {
                          "cpu": "1000m",
                          "memory": "512Mi"
                        },
                        "startup_cpu_boost": false
                      }
                    ],
                    "startup_probe": [
                      {
                        "failure_threshold": 1,
                        "grpc": [],
                        "http_get": [],
                        "initial_delay_seconds": 0,
                        "period_seconds": 240,
                        "tcp_socket": [
                          {
                            "port": 8080
                          }
                        ],
                        "timeout_seconds": 240
                      }
                    ],
                    "volume_mounts": [],
                    "working_dir": ""
                  },
                  {
                    "args": [],
                    "base_image_uri": "",
                    "build_info": [],
                    "command": [],
                    "depends_on": [
                      "frontend-container"
                    ],
                    "env": [],
                    "image": "us-docker.pkg.dev/cloud-ops-agents-artifacts/cloud-run-gmp-sidecar/cloud-run-gmp-sidecar:1.1.1",
                    "liveness_probe": [],
                    "name": "collector",
                    "ports": [],
                    "resources": [
                      {
                        "cpu_idle": true,
                        "limits": {
                          "cpu": "1000m",
                          "memory": "256Mi"
                        },
                        "startup_cpu_boost": false
                      }
                    ],
                    "startup_probe": [],
                    "volume_mounts": [],
                    "working_dir": ""
                  }
                ],
                "encryption_key": "",
                "execution_environment": "EXECUTION_ENVIRONMENT_GEN2",
                "gpu_zonal_redundancy_disabled": false,
                "labels": {},
                "max_instance_request_concurrency": 80,
                "node_selector": [],
                "revision": "",
                "scaling": [
                  {
                    "max_instance_count": 2,
                    "min_instance_count": 0
                  }
                ],
                "service_account": "genai-frontend-us-central1-sa@sdlcv2.iam.gserviceaccount.com",
                "service_mesh": [],
                "session_affinity": false,
                "timeout": "300s",
                "volumes": [],
                "vpc_access": []
              }
            ],
            "terminal_condition": [
              {
                "execution_reason": "",
                "last_transition_time": "2025-08-19T23:30:16.964188Z",
                "message": "",
                "reason": "",
                "revision_reason": "",
                "severity": "",
                "state": "CONDITION_SUCCEEDED",
                "type": "Ready"
              }
            ],
            "terraform_labels": {
              "goog-adc-tf-deployment": "export",
              "goog-terraform-provisioned": "true"
            },
            "timeouts": null,
            "traffic": [
              {
                "percent": 100,
                "revision": "",
                "tag": "",
                "type": "TRAFFIC_TARGET_ALLOCATION_TYPE_LATEST"
              }
            ],
            "traffic_statuses": [
              {
                "percent": 100,
                "revision": "",
                "tag": "",
                "type": "TRAFFIC_TARGET_ALLOCATION_TYPE_LATEST",
                "uri": ""
              }
            ],
            "uid": "e4a89445-cb70-4911-864e-82ca6cf38fc8",
            "update_time": "2025-08-19T23:29:50.560435Z",
            "uri": "https://genai-frontend-4x43kzwl5q-uc.a.run.app",
            "urls": [
              "https://genai-frontend-515301086485.us-central1.run.app",
              "https://genai-frontend-4x43kzwl5q-uc.a.run.app"
            ]
          },
          "sensitive_attributes": [],
          "identity_schema_version": 0,
          "private": "eyJlMmJmYjczMC1lY2FhLTExZTYtOGY4OC0zNDM2M2JjN2M0YzAiOnsiY3JlYXRlIjoxMjAwMDAwMDAwMDAwLCJkZWxldGUiOjEyMDAwMDAwMDAwMDAsInVwZGF0ZSI6MTIwMDAwMDAwMDAwMH19",
          "dependencies": [
            "module.backend-service.google_cloud_run_v2_service.main",
            "module.backend-service.google_project_iam_member.roles",
            "module.backend-service.google_service_account.sa",
            "module.frontend-service.google_project_iam_member.roles",
            "module.frontend-service.google_service_account.sa",
            "module.project-services-billing-project.data.google_compute_default_service_account.default",
            "module.project-services-billing-project.google_project_iam_member.project_service_identity_roles",
            "module.project-services-billing-project.google_project_service.project_services",
            "module.project-services-billing-project.google_project_service_identity.project_service_identities",
            "module.project-services.data.google_compute_default_service_account.default",
            "module.project-services.google_project_iam_member.project_service_identity_roles",
            "module.project-services.google_project_service.project_services",
            "module.project-services.google_project_service_identity.project_service_identities"
          ]
        }
      ]
    },
    {
      "module": "module.frontend-service",
      "mode": "managed",
      "type": "google_cloud_run_v2_service_iam_member",
      "name": "authorize",
      "provider": "provider[\"registry.terraform.io/hashicorp/google\"]",
      "instances": []
    },
    {
      "module": "module.frontend-service",
      "mode": "managed",
      "type": "google_cloud_run_v2_service_iam_member",
      "name": "authorize_iap_p4sa",
      "provider": "provider[\"registry.terraform.io/hashicorp/google\"]",
      "instances": []
    },
    {
      "module": "module.frontend-service",
      "mode": "managed",
      "type": "google_iap_web_cloud_run_service_iam_member",
      "name": "iap_access",
      "provider": "provider[\"registry.terraform.io/hashicorp/google\"]",
      "instances": []
    },
    {
      "module": "module.frontend-service",
      "mode": "managed",
      "type": "google_project_iam_member",
      "name": "roles",
      "provider": "provider[\"registry.terraform.io/hashicorp/google\"]",
      "instances": [
        {
          "index_key": "roles/monitoring.metricWriter",
          "schema_version": 0,
          "attributes": {
            "condition": [],
            "etag": "BwY8v23Hh3U=",
            "id": "sdlcv2/roles/monitoring.metricWriter/serviceAccount:genai-frontend-us-central1-sa@sdlcv2.iam.gserviceaccount.com",
            "member": "serviceAccount:genai-frontend-us-central1-sa@sdlcv2.iam.gserviceaccount.com",
            "project": "sdlcv2",
            "role": "roles/monitoring.metricWriter"
          },
          "sensitive_attributes": [],
          "identity_schema_version": 0,
          "private": "bnVsbA==",
          "dependencies": [
            "module.frontend-service.google_service_account.sa",
            "module.project-services-billing-project.data.google_compute_default_service_account.default",
            "module.project-services-billing-project.google_project_iam_member.project_service_identity_roles",
            "module.project-services-billing-project.google_project_service.project_services",
            "module.project-services-billing-project.google_project_service_identity.project_service_identities",
            "module.project-services.data.google_compute_default_service_account.default",
            "module.project-services.google_project_iam_member.project_service_identity_roles",
            "module.project-services.google_project_service.project_services",
            "module.project-services.google_project_service_identity.project_service_identities"
          ]
        },
        {
          "index_key": "roles/run.invoker",
          "schema_version": 0,
          "attributes": {
            "condition": [],
            "etag": "BwY8v23Hh3U=",
            "id": "sdlcv2/roles/run.invoker/serviceAccount:genai-frontend-us-central1-sa@sdlcv2.iam.gserviceaccount.com",
            "member": "serviceAccount:genai-frontend-us-central1-sa@sdlcv2.iam.gserviceaccount.com",
            "project": "sdlcv2",
            "role": "roles/run.invoker"
          },
          "sensitive_attributes": [],
          "identity_schema_version": 0,
          "private": "bnVsbA==",
          "dependencies": [
            "module.frontend-service.google_service_account.sa",
            "module.project-services-billing-project.data.google_compute_default_service_account.default",
            "module.project-services-billing-project.google_project_iam_member.project_service_identity_roles",
            "module.project-services-billing-project.google_project_service.project_services",
            "module.project-services-billing-project.google_project_service_identity.project_service_identities",
            "module.project-services.data.google_compute_default_service_account.default",
            "module.project-services.google_project_iam_member.project_service_identity_roles",
            "module.project-services.google_project_service.project_services",
            "module.project-services.google_project_service_identity.project_service_identities"
          ]
        }
      ]
    },
    {
      "module": "module.frontend-service",
      "mode": "managed",
      "type": "google_project_service_identity",
      "name": "iap_p4sa",
      "provider": "provider[\"registry.terraform.io/hashicorp/google-beta\"]",
      "instances": []
    },
    {
      "module": "module.frontend-service",
      "mode": "managed",
      "type": "google_service_account",
      "name": "sa",
      "provider": "provider[\"registry.terraform.io/hashicorp/google\"]",
      "instances": [
        {
          "index_key": 0,
          "schema_version": 0,
          "attributes": {
            "account_id": "genai-frontend-us-central1-sa",
            "create_ignore_already_exists": null,
            "description": "",
            "disabled": false,
            "display_name": "Service account for genai-frontend in us-central1",
            "email": "genai-frontend-us-central1-sa@sdlcv2.iam.gserviceaccount.com",
            "id": "projects/sdlcv2/serviceAccounts/genai-frontend-us-central1-sa@sdlcv2.iam.gserviceaccount.com",
            "member": "serviceAccount:genai-frontend-us-central1-sa@sdlcv2.iam.gserviceaccount.com",
            "name": "projects/sdlcv2/serviceAccounts/genai-frontend-us-central1-sa@sdlcv2.iam.gserviceaccount.com",
            "project": "sdlcv2",
            "timeouts": null,
            "unique_id": "100954770246110135393"
          },
          "sensitive_attributes": [],
          "identity_schema_version": 0,
          "private": "eyJlMmJmYjczMC1lY2FhLTExZTYtOGY4OC0zNDM2M2JjN2M0YzAiOnsiY3JlYXRlIjozMDAwMDAwMDAwMDB9fQ==",
          "dependencies": [
            "module.project-services-billing-project.data.google_compute_default_service_account.default",
            "module.project-services-billing-project.google_project_iam_member.project_service_identity_roles",
            "module.project-services-billing-project.google_project_service.project_services",
            "module.project-services-billing-project.google_project_service_identity.project_service_identities",
            "module.project-services.data.google_compute_default_service_account.default",
            "module.project-services.google_project_iam_member.project_service_identity_roles",
            "module.project-services.google_project_service.project_services",
            "module.project-services.google_project_service_identity.project_service_identities"
          ]
        }
      ]
    },
    {
      "module": "module.generated-images-bucket",
      "mode": "data",
      "type": "google_storage_project_service_account",
      "name": "gcs_account",
      "provider": "provider[\"registry.terraform.io/hashicorp/google\"]",
      "instances": [
        {
          "schema_version": 0,
          "attributes": {
            "email_address": "service-515301086485@gs-project-accounts.iam.gserviceaccount.com",
            "id": "service-515301086485@gs-project-accounts.iam.gserviceaccount.com",
            "member": "serviceAccount:service-515301086485@gs-project-accounts.iam.gserviceaccount.com",
            "project": "sdlcv2",
            "user_project": null
          },
          "sensitive_attributes": [],
          "identity_schema_version": 0
        }
      ]
    },
    {
      "module": "module.generated-images-bucket",
      "mode": "managed",
      "type": "google_storage_bucket",
      "name": "bucket",
      "provider": "provider[\"registry.terraform.io/hashicorp/google\"]",
      "instances": [
        {
          "schema_version": 3,
          "attributes": {
            "autoclass": [],
            "cors": [],
            "custom_placement_config": [],
            "default_event_based_hold": false,
            "effective_labels": {},
            "enable_object_retention": false,
            "encryption": [],
            "force_destroy": false,
            "hierarchical_namespace": [
              {
                "enabled": false
              }
            ],
            "id": "sdlcv2-story-images",
            "ip_filter": [],
            "labels": {},
            "lifecycle_rule": [],
            "location": "US-CENTRAL1",
            "logging": [],
            "name": "sdlcv2-story-images",
            "project": "",
            "project_number": 515301086485,
            "public_access_prevention": "inherited",
            "requester_pays": false,
            "retention_policy": [],
            "rpo": null,
            "self_link": "https://www.googleapis.com/storage/v1/b/sdlcv2-story-images",
            "soft_delete_policy": [
              {
                "effective_time": "2025-08-19T17:23:37.248Z",
                "retention_duration_seconds": 604800
              }
            ],
            "storage_class": "STANDARD",
            "terraform_labels": {},
            "time_created": "2025-08-19T17:23:37.248Z",
            "timeouts": null,
            "uniform_bucket_level_access": false,
            "updated": "2025-08-19T17:23:39.246Z",
            "url": "gs://sdlcv2-story-images",
            "versioning": [],
            "website": []
          },
          "sensitive_attributes": [],
          "identity_schema_version": 0,
          "private": "eyJlMmJmYjczMC1lY2FhLTExZTYtOGY4OC0zNDM2M2JjN2M0YzAiOnsiY3JlYXRlIjo2MDAwMDAwMDAwMDAsInJlYWQiOjI0MDAwMDAwMDAwMCwidXBkYXRlIjoyNDAwMDAwMDAwMDB9LCJzY2hlbWFfdmVyc2lvbiI6IjMifQ==",
          "dependencies": [
            "module.generated-images-bucket.data.google_storage_project_service_account.gcs_account",
            "module.generated-images-bucket.module.encryption_key.google_kms_crypto_key.key",
            "module.generated-images-bucket.module.encryption_key.google_kms_crypto_key.key_ephemeral",
            "module.generated-images-bucket.module.encryption_key.google_kms_crypto_key_iam_binding.decrypters",
            "module.generated-images-bucket.module.encryption_key.google_kms_crypto_key_iam_binding.encrypters",
            "module.generated-images-bucket.module.encryption_key.google_kms_crypto_key_iam_binding.owners",
            "module.generated-images-bucket.module.encryption_key.google_kms_key_ring.key_ring",
            "module.project-services-billing-project.data.google_compute_default_service_account.default",
            "module.project-services-billing-project.google_project_iam_member.project_service_identity_roles",
            "module.project-services-billing-project.google_project_service.project_services",
            "module.project-services-billing-project.google_project_service_identity.project_service_identities",
            "module.project-services.data.google_compute_default_service_account.default",
            "module.project-services.google_project_iam_member.project_service_identity_roles",
            "module.project-services.google_project_service.project_services",
            "module.project-services.google_project_service_identity.project_service_identities"
          ]
        }
      ]
    },
    {
      "module": "module.imagen-vertex-ai",
      "mode": "data",
      "type": "google_compute_default_service_account",
      "name": "default",
      "provider": "provider[\"registry.terraform.io/hashicorp/google\"]",
      "instances": []
    },
    {
      "module": "module.imagen-vertex-ai",
      "mode": "managed",
      "type": "google_project_iam_member",
      "name": "project_service_identity_roles",
      "provider": "provider[\"registry.terraform.io/hashicorp/google\"]",
      "instances": []
    },
    {
      "module": "module.imagen-vertex-ai",
      "mode": "managed",
      "type": "google_project_service",
      "name": "project_services",
      "provider": "provider[\"registry.terraform.io/hashicorp/google\"]",
      "instances": [
        {
          "index_key": "aiplatform.googleapis.com",
          "schema_version": 0,
          "attributes": {
            "disable_dependent_services": true,
            "disable_on_destroy": true,
            "id": "sdlcv2/aiplatform.googleapis.com",
            "project": "sdlcv2",
            "service": "aiplatform.googleapis.com",
            "timeouts": null
          },
          "sensitive_attributes": [],
          "identity_schema_version": 0,
          "private": "eyJlMmJmYjczMC1lY2FhLTExZTYtOGY4OC0zNDM2M2JjN2M0YzAiOnsiY3JlYXRlIjoxMjAwMDAwMDAwMDAwLCJkZWxldGUiOjEyMDAwMDAwMDAwMDAsInJlYWQiOjYwMDAwMDAwMDAwMCwidXBkYXRlIjoxMjAwMDAwMDAwMDAwfX0=",
          "dependencies": [
            "module.project-services-billing-project.data.google_compute_default_service_account.default",
            "module.project-services-billing-project.google_project_iam_member.project_service_identity_roles",
            "module.project-services-billing-project.google_project_service.project_services",
            "module.project-services-billing-project.google_project_service_identity.project_service_identities",
            "module.project-services.data.google_compute_default_service_account.default",
            "module.project-services.google_project_iam_member.project_service_identity_roles",
            "module.project-services.google_project_service.project_services",
            "module.project-services.google_project_service_identity.project_service_identities"
          ]
        }
      ]
    },
    {
      "module": "module.imagen-vertex-ai",
      "mode": "managed",
      "type": "google_project_service_identity",
      "name": "project_service_identities",
      "provider": "provider[\"registry.terraform.io/hashicorp/google-beta\"]",
      "instances": []
    },
    {
      "module": "module.project-services",
      "mode": "data",
      "type": "google_compute_default_service_account",
      "name": "default",
      "provider": "provider[\"registry.terraform.io/hashicorp/google\"]",
      "instances": []
    },
    {
      "module": "module.project-services",
      "mode": "managed",
      "type": "google_project_iam_member",
      "name": "project_service_identity_roles",
      "provider": "provider[\"registry.terraform.io/hashicorp/google\"]",
      "instances": []
    },
    {
      "module": "module.project-services",
      "mode": "managed",
      "type": "google_project_service",
      "name": "project_services",
      "provider": "provider[\"registry.terraform.io/hashicorp/google\"]",
      "instances": [
        {
          "index_key": "artifactregistry.googleapis.com",
          "schema_version": 0,
          "attributes": {
            "disable_dependent_services": true,
            "disable_on_destroy": false,
            "id": "sdlcv2/artifactregistry.googleapis.com",
            "project": "sdlcv2",
            "service": "artifactregistry.googleapis.com",
            "timeouts": null
          },
          "sensitive_attributes": [],
          "identity_schema_version": 0,
          "private": "eyJlMmJmYjczMC1lY2FhLTExZTYtOGY4OC0zNDM2M2JjN2M0YzAiOnsiY3JlYXRlIjoxMjAwMDAwMDAwMDAwLCJkZWxldGUiOjEyMDAwMDAwMDAwMDAsInJlYWQiOjYwMDAwMDAwMDAwMCwidXBkYXRlIjoxMjAwMDAwMDAwMDAwfX0="
        },
        {
          "index_key": "cloudbuild.googleapis.com",
          "schema_version": 0,
          "attributes": {
            "disable_dependent_services": true,
            "disable_on_destroy": false,
            "id": "sdlcv2/cloudbuild.googleapis.com",
            "project": "sdlcv2",
            "service": "cloudbuild.googleapis.com",
            "timeouts": null
          },
          "sensitive_attributes": [],
          "identity_schema_version": 0,
          "private": "eyJlMmJmYjczMC1lY2FhLTExZTYtOGY4OC0zNDM2M2JjN2M0YzAiOnsiY3JlYXRlIjoxMjAwMDAwMDAwMDAwLCJkZWxldGUiOjEyMDAwMDAwMDAwMDAsInJlYWQiOjYwMDAwMDAwMDAwMCwidXBkYXRlIjoxMjAwMDAwMDAwMDAwfX0="
        },
        {
          "index_key": "run.googleapis.com",
          "schema_version": 0,
          "attributes": {
            "disable_dependent_services": true,
            "disable_on_destroy": false,
            "id": "sdlcv2/run.googleapis.com",
            "project": "sdlcv2",
            "service": "run.googleapis.com",
            "timeouts": null
          },
          "sensitive_attributes": [],
          "identity_schema_version": 0,
          "private": "eyJlMmJmYjczMC1lY2FhLTExZTYtOGY4OC0zNDM2M2JjN2M0YzAiOnsiY3JlYXRlIjoxMjAwMDAwMDAwMDAwLCJkZWxldGUiOjEyMDAwMDAwMDAwMDAsInJlYWQiOjYwMDAwMDAwMDAwMCwidXBkYXRlIjoxMjAwMDAwMDAwMDAwfX0="
        },
        {
          "index_key": "secretmanager.googleapis.com",
          "schema_version": 0,
          "attributes": {
            "disable_dependent_services": true,
            "disable_on_destroy": false,
            "id": "sdlcv2/secretmanager.googleapis.com",
            "project": "sdlcv2",
            "service": "secretmanager.googleapis.com",
            "timeouts": null
          },
          "sensitive_attributes": [],
          "identity_schema_version": 0,
          "private": "eyJlMmJmYjczMC1lY2FhLTExZTYtOGY4OC0zNDM2M2JjN2M0YzAiOnsiY3JlYXRlIjoxMjAwMDAwMDAwMDAwLCJkZWxldGUiOjEyMDAwMDAwMDAwMDAsInJlYWQiOjYwMDAwMDAwMDAwMCwidXBkYXRlIjoxMjAwMDAwMDAwMDAwfX0="
        },
        {
          "index_key": "storage.googleapis.com",
          "schema_version": 0,
          "attributes": {
            "disable_dependent_services": true,
            "disable_on_destroy": false,
            "id": "sdlcv2/storage.googleapis.com",
            "project": "sdlcv2",
            "service": "storage.googleapis.com",
            "timeouts": null
          },
          "sensitive_attributes": [],
          "identity_schema_version": 0,
          "private": "eyJlMmJmYjczMC1lY2FhLTExZTYtOGY4OC0zNDM2M2JjN2M0YzAiOnsiY3JlYXRlIjoxMjAwMDAwMDAwMDAwLCJkZWxldGUiOjEyMDAwMDAwMDAwMDAsInJlYWQiOjYwMDAwMDAwMDAwMCwidXBkYXRlIjoxMjAwMDAwMDAwMDAwfX0="
        }
      ]
    },
    {
      "module": "module.project-services",
      "mode": "managed",
      "type": "google_project_service_identity",
      "name": "project_service_identities",
      "provider": "provider[\"registry.terraform.io/hashicorp/google-beta\"]",
      "instances": []
    },
    {
      "module": "module.project-services-billing-project",
      "mode": "data",
      "type": "google_compute_default_service_account",
      "name": "default",
      "provider": "provider[\"registry.terraform.io/hashicorp/google\"]",
      "instances": []
    },
    {
      "module": "module.project-services-billing-project",
      "mode": "managed",
      "type": "google_project_iam_member",
      "name": "project_service_identity_roles",
      "provider": "provider[\"registry.terraform.io/hashicorp/google\"]",
      "instances": []
    },
    {
      "module": "module.project-services-billing-project",
      "mode": "managed",
      "type": "google_project_service",
      "name": "project_services",
      "provider": "provider[\"registry.terraform.io/hashicorp/google\"]",
      "instances": [
        {
          "index_key": "apphub.googleapis.com",
          "schema_version": 0,
          "attributes": {
            "disable_dependent_services": true,
            "disable_on_destroy": false,
            "id": "sdlcv2/apphub.googleapis.com",
            "project": "sdlcv2",
            "service": "apphub.googleapis.com",
            "timeouts": null
          },
          "sensitive_attributes": [],
          "identity_schema_version": 0,
          "private": "eyJlMmJmYjczMC1lY2FhLTExZTYtOGY4OC0zNDM2M2JjN2M0YzAiOnsiY3JlYXRlIjoxMjAwMDAwMDAwMDAwLCJkZWxldGUiOjEyMDAwMDAwMDAwMDAsInJlYWQiOjYwMDAwMDAwMDAwMCwidXBkYXRlIjoxMjAwMDAwMDAwMDAwfX0="
        },
        {
          "index_key": "cloudresourcemanager.googleapis.com",
          "schema_version": 0,
          "attributes": {
            "disable_dependent_services": true,
            "disable_on_destroy": false,
            "id": "sdlcv2/cloudresourcemanager.googleapis.com",
            "project": "sdlcv2",
            "service": "cloudresourcemanager.googleapis.com",
            "timeouts": null
          },
          "sensitive_attributes": [],
          "identity_schema_version": 0,
          "private": "eyJlMmJmYjczMC1lY2FhLTExZTYtOGY4OC0zNDM2M2JjN2M0YzAiOnsiY3JlYXRlIjoxMjAwMDAwMDAwMDAwLCJkZWxldGUiOjEyMDAwMDAwMDAwMDAsInJlYWQiOjYwMDAwMDAwMDAwMCwidXBkYXRlIjoxMjAwMDAwMDAwMDAwfX0="
        }
      ]
    },
    {
      "module": "module.project-services-billing-project",
      "mode": "managed",
      "type": "google_project_service_identity",
      "name": "project_service_identities",
      "provider": "provider[\"registry.terraform.io/hashicorp/google-beta\"]",
      "instances": []
    }
  ],
  "check_results": [
    {
      "object_kind": "var",
      "config_addr": "module.frontend-service.var.launch_stage",
      "status": "pass",
      "objects": [
        {
          "object_addr": "module.frontend-service.var.launch_stage",
          "status": "pass"
        }
      ]
    },
    {
      "object_kind": "var",
      "config_addr": "module.backend-service.var.ingress",
      "status": "pass",
      "objects": [
        {
          "object_addr": "module.backend-service.var.ingress",
          "status": "pass"
        }
      ]
    },
    {
      "object_kind": "var",
      "config_addr": "module.backend-service.var.execution_environment",
      "status": "pass",
      "objects": [
        {
          "object_addr": "module.backend-service.var.execution_environment",
          "status": "pass"
        }
      ]
    },
    {
      "object_kind": "var",
      "config_addr": "module.backend-service.var.launch_stage",
      "status": "pass",
      "objects": [
        {
          "object_addr": "module.backend-service.var.launch_stage",
          "status": "pass"
        }
      ]
    },
    {
      "object_kind": "var",
      "config_addr": "module.frontend-service.var.execution_environment",
      "status": "pass",
      "objects": [
        {
          "object_addr": "module.frontend-service.var.execution_environment",
          "status": "pass"
        }
      ]
    },
    {
      "object_kind": "var",
      "config_addr": "module.frontend-service.var.ingress",
      "status": "pass",
      "objects": [
        {
          "object_addr": "module.frontend-service.var.ingress",
          "status": "pass"
        }
      ]
    }
  ]
}
